// !$*UTF8*$!
{
	archiveVersion = 1;
	classes = {
	};
	objectVersion = 46;
	objects = {

/* Begin PBXBuildFile section */
		051638001E2C7415005A5156 /* MapKit.framework in Frameworks */ = {isa = PBXBuildFile; fileRef = 051637FF1E2C7415005A5156 /* MapKit.framework */; };
		05169F8B1E306F46001C8835 /* RamblImplementor.swift in Sources */ = {isa = PBXBuildFile; fileRef = 05169F8A1E306F46001C8835 /* RamblImplementor.swift */; };
		05169F921E3074A2001C8835 /* ModelsConstants.swift in Sources */ = {isa = PBXBuildFile; fileRef = 05169F911E3074A2001C8835 /* ModelsConstants.swift */; };
		053BFAEE1E34240100C54B5A /* GoogleService-Info.plist in Resources */ = {isa = PBXBuildFile; fileRef = 053BFAED1E34240100C54B5A /* GoogleService-Info.plist */; };
		053BFAF11E343EE000C54B5A /* RamblMKPointAnnotation.swift in Sources */ = {isa = PBXBuildFile; fileRef = 053BFAF01E343EE000C54B5A /* RamblMKPointAnnotation.swift */; };
		053BFAF51E343FF500C54B5A /* RamblMKPinAnnotationView.swift in Sources */ = {isa = PBXBuildFile; fileRef = 053BFAF41E343FF500C54B5A /* RamblMKPinAnnotationView.swift */; };
		057E2B201E33D27100BC518F /* Date+Rambl.swift in Sources */ = {isa = PBXBuildFile; fileRef = 057E2B1F1E33D27100BC518F /* Date+Rambl.swift */; };
		05B69AD01E2AC8D100B52C1C /* AppDelegate.swift in Sources */ = {isa = PBXBuildFile; fileRef = 05B69ACF1E2AC8D100B52C1C /* AppDelegate.swift */; };
		05B69AE51E2AC8D200B52C1C /* RamblTests.swift in Sources */ = {isa = PBXBuildFile; fileRef = 05B69AE41E2AC8D200B52C1C /* RamblTests.swift */; };
		05B69AF01E2AC8D200B52C1C /* RamblUITests.swift in Sources */ = {isa = PBXBuildFile; fileRef = 05B69AEF1E2AC8D200B52C1C /* RamblUITests.swift */; };
		05B69B211E2B089500B52C1C /* AVFoundationAudioPlayer.swift in Sources */ = {isa = PBXBuildFile; fileRef = 05B69B061E2B089500B52C1C /* AVFoundationAudioPlayer.swift */; };
		05B69B221E2B089500B52C1C /* AVFoundationAudioRecorder.swift in Sources */ = {isa = PBXBuildFile; fileRef = 05B69B081E2B089500B52C1C /* AVFoundationAudioRecorder.swift */; };
		05B69B231E2B089500B52C1C /* CoreLocationLocator.swift in Sources */ = {isa = PBXBuildFile; fileRef = 05B69B0A1E2B089500B52C1C /* CoreLocationLocator.swift */; };
		05B69B241E2B089500B52C1C /* FireBasePersistor.swift in Sources */ = {isa = PBXBuildFile; fileRef = 05B69B0C1E2B089500B52C1C /* FireBasePersistor.swift */; };
		05B69B261E2B089500B52C1C /* AWSS3Uploader.swift in Sources */ = {isa = PBXBuildFile; fileRef = 05B69B0F1E2B089500B52C1C /* AWSS3Uploader.swift */; };
		05B69B271E2B089500B52C1C /* AudioPlayer.swift in Sources */ = {isa = PBXBuildFile; fileRef = 05B69B121E2B089500B52C1C /* AudioPlayer.swift */; };
		05B69B281E2B089500B52C1C /* AudioRecorder.swift in Sources */ = {isa = PBXBuildFile; fileRef = 05B69B131E2B089500B52C1C /* AudioRecorder.swift */; };
		05B69B291E2B089500B52C1C /* Locator.swift in Sources */ = {isa = PBXBuildFile; fileRef = 05B69B141E2B089500B52C1C /* Locator.swift */; };
		05B69B2A1E2B089500B52C1C /* Persistor.swift in Sources */ = {isa = PBXBuildFile; fileRef = 05B69B151E2B089500B52C1C /* Persistor.swift */; };
		05B69B2B1E2B089500B52C1C /* Uploader.swift in Sources */ = {isa = PBXBuildFile; fileRef = 05B69B161E2B089500B52C1C /* Uploader.swift */; };
		05B69B2C1E2B089500B52C1C /* Chat.swift in Sources */ = {isa = PBXBuildFile; fileRef = 05B69B181E2B089500B52C1C /* Chat.swift */; };
		05B69B2D1E2B089500B52C1C /* Contribution.swift in Sources */ = {isa = PBXBuildFile; fileRef = 05B69B191E2B089500B52C1C /* Contribution.swift */; };
		05B69B2E1E2B089500B52C1C /* Rambl.swift in Sources */ = {isa = PBXBuildFile; fileRef = 05B69B1A1E2B089500B52C1C /* Rambl.swift */; };
		05C366341E2B0B2400B21C12 /* Main.storyboard in Resources */ = {isa = PBXBuildFile; fileRef = 05C366331E2B0B2400B21C12 /* Main.storyboard */; };
		05C366361E2B0B7D00B21C12 /* Splash.storyboard in Resources */ = {isa = PBXBuildFile; fileRef = 05C366351E2B0B7D00B21C12 /* Splash.storyboard */; };
		05C3663B1E2B0BAD00B21C12 /* MainViewController.swift in Sources */ = {isa = PBXBuildFile; fileRef = 05C366381E2B0BAD00B21C12 /* MainViewController.swift */; };
		05C3663C1E2B0BAD00B21C12 /* MainViewModel.swift in Sources */ = {isa = PBXBuildFile; fileRef = 05C3663A1E2B0BAD00B21C12 /* MainViewModel.swift */; };
		05C3663E1E2B0D2F00B21C12 /* Assets.xcassets in Resources */ = {isa = PBXBuildFile; fileRef = 05C3663D1E2B0D2F00B21C12 /* Assets.xcassets */; };
		05CD97141E340F480033C0A7 /* Geohash.swift in Sources */ = {isa = PBXBuildFile; fileRef = 05CD97121E340F480033C0A7 /* Geohash.swift */; };
		05CD97151E340F480033C0A7 /* GeohashBox.swift in Sources */ = {isa = PBXBuildFile; fileRef = 05CD97131E340F480033C0A7 /* GeohashBox.swift */; };
		05D532351E347F7F0044B61F /* RamblLogicBridge.swift in Sources */ = {isa = PBXBuildFile; fileRef = 05D532341E347F7F0044B61F /* RamblLogicBridge.swift */; };
		2E493887AAC3F1906139DFD4 /* Pods_RamblTests.framework in Frameworks */ = {isa = PBXBuildFile; fileRef = DB88B9E2C23C93C187B8169F /* Pods_RamblTests.framework */; };
		5436B4676E8A6E991EB3DE0F /* Pods_Rambl.framework in Frameworks */ = {isa = PBXBuildFile; fileRef = 5B79467CE207E8DFA7294EAC /* Pods_Rambl.framework */; };
/* End PBXBuildFile section */

/* Begin PBXContainerItemProxy section */
		05B69AE11E2AC8D200B52C1C /* PBXContainerItemProxy */ = {
			isa = PBXContainerItemProxy;
			containerPortal = 05B69AC41E2AC8D100B52C1C /* Project object */;
			proxyType = 1;
			remoteGlobalIDString = 05B69ACB1E2AC8D100B52C1C;
			remoteInfo = Rambl;
		};
		05B69AEC1E2AC8D200B52C1C /* PBXContainerItemProxy */ = {
			isa = PBXContainerItemProxy;
			containerPortal = 05B69AC41E2AC8D100B52C1C /* Project object */;
			proxyType = 1;
			remoteGlobalIDString = 05B69ACB1E2AC8D100B52C1C;
			remoteInfo = Rambl;
		};
/* End PBXContainerItemProxy section */

/* Begin PBXFileReference section */
		051637FF1E2C7415005A5156 /* MapKit.framework */ = {isa = PBXFileReference; lastKnownFileType = wrapper.framework; name = MapKit.framework; path = System/Library/Frameworks/MapKit.framework; sourceTree = SDKROOT; };
		05169F8A1E306F46001C8835 /* RamblImplementor.swift */ = {isa = PBXFileReference; fileEncoding = 4; lastKnownFileType = sourcecode.swift; name = RamblImplementor.swift; path = Models/RamblImplementor.swift; sourceTree = "<group>"; };
		05169F911E3074A2001C8835 /* ModelsConstants.swift */ = {isa = PBXFileReference; fileEncoding = 4; lastKnownFileType = sourcecode.swift; name = ModelsConstants.swift; path = Models/ModelsConstants.swift; sourceTree = "<group>"; };
		053BFAED1E34240100C54B5A /* GoogleService-Info.plist */ = {isa = PBXFileReference; fileEncoding = 4; lastKnownFileType = text.plist.xml; path = "GoogleService-Info.plist"; sourceTree = "<group>"; };
		053BFAF01E343EE000C54B5A /* RamblMKPointAnnotation.swift */ = {isa = PBXFileReference; fileEncoding = 4; lastKnownFileType = sourcecode.swift; name = RamblMKPointAnnotation.swift; path = UI/Mapping/RamblMKPointAnnotation.swift; sourceTree = "<group>"; };
		053BFAF41E343FF500C54B5A /* RamblMKPinAnnotationView.swift */ = {isa = PBXFileReference; fileEncoding = 4; lastKnownFileType = sourcecode.swift; name = RamblMKPinAnnotationView.swift; path = UI/Mapping/RamblMKPinAnnotationView.swift; sourceTree = "<group>"; };
		057E2B1F1E33D27100BC518F /* Date+Rambl.swift */ = {isa = PBXFileReference; fileEncoding = 4; lastKnownFileType = sourcecode.swift; name = "Date+Rambl.swift"; path = "logic/extensions/Date+Rambl.swift"; sourceTree = "<group>"; };
		05B69ACC1E2AC8D100B52C1C /* Rambl.app */ = {isa = PBXFileReference; explicitFileType = wrapper.application; includeInIndex = 0; path = Rambl.app; sourceTree = BUILT_PRODUCTS_DIR; };
		05B69ACF1E2AC8D100B52C1C /* AppDelegate.swift */ = {isa = PBXFileReference; lastKnownFileType = sourcecode.swift; path = AppDelegate.swift; sourceTree = "<group>"; };
		05B69ADB1E2AC8D100B52C1C /* Info.plist */ = {isa = PBXFileReference; lastKnownFileType = text.plist.xml; path = Info.plist; sourceTree = "<group>"; };
		05B69AE01E2AC8D200B52C1C /* RamblTests.xctest */ = {isa = PBXFileReference; explicitFileType = wrapper.cfbundle; includeInIndex = 0; path = RamblTests.xctest; sourceTree = BUILT_PRODUCTS_DIR; };
		05B69AE41E2AC8D200B52C1C /* RamblTests.swift */ = {isa = PBXFileReference; lastKnownFileType = sourcecode.swift; path = RamblTests.swift; sourceTree = "<group>"; };
		05B69AE61E2AC8D200B52C1C /* Info.plist */ = {isa = PBXFileReference; lastKnownFileType = text.plist.xml; path = Info.plist; sourceTree = "<group>"; };
		05B69AEB1E2AC8D200B52C1C /* RamblUITests.xctest */ = {isa = PBXFileReference; explicitFileType = wrapper.cfbundle; includeInIndex = 0; path = RamblUITests.xctest; sourceTree = BUILT_PRODUCTS_DIR; };
		05B69AEF1E2AC8D200B52C1C /* RamblUITests.swift */ = {isa = PBXFileReference; lastKnownFileType = sourcecode.swift; path = RamblUITests.swift; sourceTree = "<group>"; };
		05B69AF11E2AC8D200B52C1C /* Info.plist */ = {isa = PBXFileReference; lastKnownFileType = text.plist.xml; path = Info.plist; sourceTree = "<group>"; };
		05B69B061E2B089500B52C1C /* AVFoundationAudioPlayer.swift */ = {isa = PBXFileReference; fileEncoding = 4; lastKnownFileType = sourcecode.swift; path = AVFoundationAudioPlayer.swift; sourceTree = "<group>"; };
		05B69B081E2B089500B52C1C /* AVFoundationAudioRecorder.swift */ = {isa = PBXFileReference; fileEncoding = 4; lastKnownFileType = sourcecode.swift; path = AVFoundationAudioRecorder.swift; sourceTree = "<group>"; };
		05B69B0A1E2B089500B52C1C /* CoreLocationLocator.swift */ = {isa = PBXFileReference; fileEncoding = 4; lastKnownFileType = sourcecode.swift; path = CoreLocationLocator.swift; sourceTree = "<group>"; };
		05B69B0C1E2B089500B52C1C /* FireBasePersistor.swift */ = {isa = PBXFileReference; fileEncoding = 4; lastKnownFileType = sourcecode.swift; path = FireBasePersistor.swift; sourceTree = "<group>"; };
		05B69B0F1E2B089500B52C1C /* AWSS3Uploader.swift */ = {isa = PBXFileReference; fileEncoding = 4; lastKnownFileType = sourcecode.swift; path = AWSS3Uploader.swift; sourceTree = "<group>"; };
		05B69B121E2B089500B52C1C /* AudioPlayer.swift */ = {isa = PBXFileReference; fileEncoding = 4; lastKnownFileType = sourcecode.swift; path = AudioPlayer.swift; sourceTree = "<group>"; };
		05B69B131E2B089500B52C1C /* AudioRecorder.swift */ = {isa = PBXFileReference; fileEncoding = 4; lastKnownFileType = sourcecode.swift; path = AudioRecorder.swift; sourceTree = "<group>"; };
		05B69B141E2B089500B52C1C /* Locator.swift */ = {isa = PBXFileReference; fileEncoding = 4; lastKnownFileType = sourcecode.swift; path = Locator.swift; sourceTree = "<group>"; };
		05B69B151E2B089500B52C1C /* Persistor.swift */ = {isa = PBXFileReference; fileEncoding = 4; lastKnownFileType = sourcecode.swift; path = Persistor.swift; sourceTree = "<group>"; };
		05B69B161E2B089500B52C1C /* Uploader.swift */ = {isa = PBXFileReference; fileEncoding = 4; lastKnownFileType = sourcecode.swift; path = Uploader.swift; sourceTree = "<group>"; };
		05B69B181E2B089500B52C1C /* Chat.swift */ = {isa = PBXFileReference; fileEncoding = 4; lastKnownFileType = sourcecode.swift; path = Chat.swift; sourceTree = "<group>"; };
		05B69B191E2B089500B52C1C /* Contribution.swift */ = {isa = PBXFileReference; fileEncoding = 4; lastKnownFileType = sourcecode.swift; path = Contribution.swift; sourceTree = "<group>"; };
		05B69B1A1E2B089500B52C1C /* Rambl.swift */ = {isa = PBXFileReference; fileEncoding = 4; lastKnownFileType = sourcecode.swift; path = Rambl.swift; sourceTree = "<group>"; };
		05C366331E2B0B2400B21C12 /* Main.storyboard */ = {isa = PBXFileReference; fileEncoding = 4; lastKnownFileType = file.storyboard; name = Main.storyboard; path = UI/Storyboards/Main.storyboard; sourceTree = "<group>"; };
		05C366351E2B0B7D00B21C12 /* Splash.storyboard */ = {isa = PBXFileReference; fileEncoding = 4; lastKnownFileType = file.storyboard; name = Splash.storyboard; path = UI/Storyboards/Splash.storyboard; sourceTree = "<group>"; };
		05C366381E2B0BAD00B21C12 /* MainViewController.swift */ = {isa = PBXFileReference; fileEncoding = 4; lastKnownFileType = sourcecode.swift; path = MainViewController.swift; sourceTree = "<group>"; };
		05C3663A1E2B0BAD00B21C12 /* MainViewModel.swift */ = {isa = PBXFileReference; fileEncoding = 4; lastKnownFileType = sourcecode.swift; path = MainViewModel.swift; sourceTree = "<group>"; };
		05C3663D1E2B0D2F00B21C12 /* Assets.xcassets */ = {isa = PBXFileReference; lastKnownFileType = folder.assetcatalog; name = Assets.xcassets; path = UI/Assets.xcassets; sourceTree = "<group>"; };
		05CD97121E340F480033C0A7 /* Geohash.swift */ = {isa = PBXFileReference; fileEncoding = 4; lastKnownFileType = sourcecode.swift; path = Geohash.swift; sourceTree = "<group>"; };
		05CD97131E340F480033C0A7 /* GeohashBox.swift */ = {isa = PBXFileReference; fileEncoding = 4; lastKnownFileType = sourcecode.swift; path = GeohashBox.swift; sourceTree = "<group>"; };
		05D532341E347F7F0044B61F /* RamblLogicBridge.swift */ = {isa = PBXFileReference; fileEncoding = 4; lastKnownFileType = sourcecode.swift; path = RamblLogicBridge.swift; sourceTree = "<group>"; };
		5B79467CE207E8DFA7294EAC /* Pods_Rambl.framework */ = {isa = PBXFileReference; explicitFileType = wrapper.framework; includeInIndex = 0; path = Pods_Rambl.framework; sourceTree = BUILT_PRODUCTS_DIR; };
		85FE5938E68E3E2DD7974E80 /* Pods-RamblTests.release.xcconfig */ = {isa = PBXFileReference; includeInIndex = 1; lastKnownFileType = text.xcconfig; name = "Pods-RamblTests.release.xcconfig"; path = "Pods/Target Support Files/Pods-RamblTests/Pods-RamblTests.release.xcconfig"; sourceTree = "<group>"; };
		A6FC3823F488D4B7C6E6EDC1 /* Pods-Rambl.debug.xcconfig */ = {isa = PBXFileReference; includeInIndex = 1; lastKnownFileType = text.xcconfig; name = "Pods-Rambl.debug.xcconfig"; path = "Pods/Target Support Files/Pods-Rambl/Pods-Rambl.debug.xcconfig"; sourceTree = "<group>"; };
		B427086D3ED99E3DB4A95C9F /* Pods-Rambl.release.xcconfig */ = {isa = PBXFileReference; includeInIndex = 1; lastKnownFileType = text.xcconfig; name = "Pods-Rambl.release.xcconfig"; path = "Pods/Target Support Files/Pods-Rambl/Pods-Rambl.release.xcconfig"; sourceTree = "<group>"; };
		DB88B9E2C23C93C187B8169F /* Pods_RamblTests.framework */ = {isa = PBXFileReference; explicitFileType = wrapper.framework; includeInIndex = 0; path = Pods_RamblTests.framework; sourceTree = BUILT_PRODUCTS_DIR; };
		E4E5A3A5321F4B33606198CC /* Pods-RamblTests.debug.xcconfig */ = {isa = PBXFileReference; includeInIndex = 1; lastKnownFileType = text.xcconfig; name = "Pods-RamblTests.debug.xcconfig"; path = "Pods/Target Support Files/Pods-RamblTests/Pods-RamblTests.debug.xcconfig"; sourceTree = "<group>"; };
/* End PBXFileReference section */

/* Begin PBXFrameworksBuildPhase section */
		05B69AC91E2AC8D100B52C1C /* Frameworks */ = {
			isa = PBXFrameworksBuildPhase;
			buildActionMask = 2147483647;
			files = (
				051638001E2C7415005A5156 /* MapKit.framework in Frameworks */,
				5436B4676E8A6E991EB3DE0F /* Pods_Rambl.framework in Frameworks */,
			);
			runOnlyForDeploymentPostprocessing = 0;
		};
		05B69ADD1E2AC8D200B52C1C /* Frameworks */ = {
			isa = PBXFrameworksBuildPhase;
			buildActionMask = 2147483647;
			files = (
				2E493887AAC3F1906139DFD4 /* Pods_RamblTests.framework in Frameworks */,
			);
			runOnlyForDeploymentPostprocessing = 0;
		};
		05B69AE81E2AC8D200B52C1C /* Frameworks */ = {
			isa = PBXFrameworksBuildPhase;
			buildActionMask = 2147483647;
			files = (
			);
			runOnlyForDeploymentPostprocessing = 0;
		};
/* End PBXFrameworksBuildPhase section */

/* Begin PBXGroup section */
		051637FE1E2C7415005A5156 /* Frameworks */ = {
			isa = PBXGroup;
			children = (
				051637FF1E2C7415005A5156 /* MapKit.framework */,
				5B79467CE207E8DFA7294EAC /* Pods_Rambl.framework */,
				DB88B9E2C23C93C187B8169F /* Pods_RamblTests.framework */,
			);
			name = Frameworks;
			sourceTree = "<group>";
		};
		05169F891E306EC3001C8835 /* Models */ = {
			isa = PBXGroup;
			children = (
				05169F911E3074A2001C8835 /* ModelsConstants.swift */,
				05169F8A1E306F46001C8835 /* RamblImplementor.swift */,
			);
			name = Models;
			sourceTree = "<group>";
		};
		053BFAEF1E343E8300C54B5A /* Mapping */ = {
			isa = PBXGroup;
			children = (
				053BFAF01E343EE000C54B5A /* RamblMKPointAnnotation.swift */,
				053BFAF41E343FF500C54B5A /* RamblMKPinAnnotationView.swift */,
			);
			name = Mapping;
			sourceTree = "<group>";
		};
		057E2B1C1E33D21800BC518F /* extension */ = {
			isa = PBXGroup;
			children = (
				057E2B1F1E33D27100BC518F /* Date+Rambl.swift */,
			);
			name = extension;
			sourceTree = "<group>";
		};
		05B69AC31E2AC8D100B52C1C = {
			isa = PBXGroup;
			children = (
				05B69ACE1E2AC8D100B52C1C /* Rambl */,
				05B69AE31E2AC8D200B52C1C /* RamblTests */,
				05B69AEE1E2AC8D200B52C1C /* RamblUITests */,
				05B69ACD1E2AC8D100B52C1C /* Products */,
				051637FE1E2C7415005A5156 /* Frameworks */,
				0ED0938364AFBEF2663F8C1A /* Pods */,
			);
			sourceTree = "<group>";
		};
		05B69ACD1E2AC8D100B52C1C /* Products */ = {
			isa = PBXGroup;
			children = (
				05B69ACC1E2AC8D100B52C1C /* Rambl.app */,
				05B69AE01E2AC8D200B52C1C /* RamblTests.xctest */,
				05B69AEB1E2AC8D200B52C1C /* RamblUITests.xctest */,
			);
			name = Products;
			sourceTree = "<group>";
		};
		05B69ACE1E2AC8D100B52C1C /* Rambl */ = {
			isa = PBXGroup;
			children = (
				05B69ACF1E2AC8D100B52C1C /* AppDelegate.swift */,
				05B69AFD1E2B086900B52C1C /* logic */,
				05B69B301E2B097C00B52C1C /* UI */,
				05B69ADB1E2AC8D100B52C1C /* Info.plist */,
				053BFAED1E34240100C54B5A /* GoogleService-Info.plist */,
			);
			path = Rambl;
			sourceTree = "<group>";
		};
		05B69AE31E2AC8D200B52C1C /* RamblTests */ = {
			isa = PBXGroup;
			children = (
				05B69AE41E2AC8D200B52C1C /* RamblTests.swift */,
				05B69AE61E2AC8D200B52C1C /* Info.plist */,
			);
			path = RamblTests;
			sourceTree = "<group>";
		};
		05B69AEE1E2AC8D200B52C1C /* RamblUITests */ = {
			isa = PBXGroup;
			children = (
				05B69AEF1E2AC8D200B52C1C /* RamblUITests.swift */,
				05B69AF11E2AC8D200B52C1C /* Info.plist */,
			);
			path = RamblUITests;
			sourceTree = "<group>";
		};
		05B69AFD1E2B086900B52C1C /* logic */ = {
			isa = PBXGroup;
			children = (
				05CD97111E340F330033C0A7 /* GeohashKit */,
				05B69AFE1E2B089500B52C1C /* bridges */,
				057E2B1C1E33D21800BC518F /* extension */,
				05B69B041E2B089500B52C1C /* implementations */,
				05B69B101E2B089500B52C1C /* protocols */,
			);
			name = logic;
			sourceTree = "<group>";
		};
		05B69AFE1E2B089500B52C1C /* bridges */ = {
			isa = PBXGroup;
			children = (
				05D532341E347F7F0044B61F /* RamblLogicBridge.swift */,
			);
			name = bridges;
			path = logic/bridges;
			sourceTree = "<group>";
		};
		05B69B041E2B089500B52C1C /* implementations */ = {
			isa = PBXGroup;
			children = (
				05B69B051E2B089500B52C1C /* AudioPlayers */,
				05B69B071E2B089500B52C1C /* AudioRecorders */,
				05B69B091E2B089500B52C1C /* Locators */,
				05169F891E306EC3001C8835 /* Models */,
				05B69B0B1E2B089500B52C1C /* Persistors */,
				05B69B0E1E2B089500B52C1C /* Uploaders */,
			);
			name = implementations;
			path = logic/implementations;
			sourceTree = "<group>";
		};
		05B69B051E2B089500B52C1C /* AudioPlayers */ = {
			isa = PBXGroup;
			children = (
				05B69B061E2B089500B52C1C /* AVFoundationAudioPlayer.swift */,
			);
			path = AudioPlayers;
			sourceTree = "<group>";
		};
		05B69B071E2B089500B52C1C /* AudioRecorders */ = {
			isa = PBXGroup;
			children = (
				05B69B081E2B089500B52C1C /* AVFoundationAudioRecorder.swift */,
			);
			path = AudioRecorders;
			sourceTree = "<group>";
		};
		05B69B091E2B089500B52C1C /* Locators */ = {
			isa = PBXGroup;
			children = (
				05B69B0A1E2B089500B52C1C /* CoreLocationLocator.swift */,
			);
			path = Locators;
			sourceTree = "<group>";
		};
		05B69B0B1E2B089500B52C1C /* Persistors */ = {
			isa = PBXGroup;
			children = (
				05B69B0C1E2B089500B52C1C /* FireBasePersistor.swift */,
			);
			path = Persistors;
			sourceTree = "<group>";
		};
		05B69B0E1E2B089500B52C1C /* Uploaders */ = {
			isa = PBXGroup;
			children = (
				05B69B0F1E2B089500B52C1C /* AWSS3Uploader.swift */,
			);
			path = Uploaders;
			sourceTree = "<group>";
		};
		05B69B101E2B089500B52C1C /* protocols */ = {
			isa = PBXGroup;
			children = (
				05B69B111E2B089500B52C1C /* functionality */,
				05B69B171E2B089500B52C1C /* models */,
			);
			name = protocols;
			path = logic/protocols;
			sourceTree = "<group>";
		};
		05B69B111E2B089500B52C1C /* functionality */ = {
			isa = PBXGroup;
			children = (
				05B69B121E2B089500B52C1C /* AudioPlayer.swift */,
				05B69B131E2B089500B52C1C /* AudioRecorder.swift */,
				05B69B141E2B089500B52C1C /* Locator.swift */,
				05B69B151E2B089500B52C1C /* Persistor.swift */,
				05B69B161E2B089500B52C1C /* Uploader.swift */,
			);
			path = functionality;
			sourceTree = "<group>";
		};
		05B69B171E2B089500B52C1C /* models */ = {
			isa = PBXGroup;
			children = (
				05B69B181E2B089500B52C1C /* Chat.swift */,
				05B69B191E2B089500B52C1C /* Contribution.swift */,
				05B69B1A1E2B089500B52C1C /* Rambl.swift */,
			);
			path = models;
			sourceTree = "<group>";
		};
		05B69B301E2B097C00B52C1C /* UI */ = {
			isa = PBXGroup;
			children = (
				053BFAEF1E343E8300C54B5A /* Mapping */,
				05C366321E2B0ACA00B21C12 /* Storyboards */,
				05C366371E2B0BAD00B21C12 /* ViewControllers */,
				05C366391E2B0BAD00B21C12 /* ViewModels */,
				05C3663D1E2B0D2F00B21C12 /* Assets.xcassets */,
			);
			name = UI;
			sourceTree = "<group>";
		};
		05C366321E2B0ACA00B21C12 /* Storyboards */ = {
			isa = PBXGroup;
			children = (
				05C366331E2B0B2400B21C12 /* Main.storyboard */,
				05C366351E2B0B7D00B21C12 /* Splash.storyboard */,
			);
			name = Storyboards;
			sourceTree = "<group>";
		};
		05C366371E2B0BAD00B21C12 /* ViewControllers */ = {
			isa = PBXGroup;
			children = (
				05C366381E2B0BAD00B21C12 /* MainViewController.swift */,
			);
			name = ViewControllers;
			path = UI/ViewControllers;
			sourceTree = "<group>";
		};
		05C366391E2B0BAD00B21C12 /* ViewModels */ = {
			isa = PBXGroup;
			children = (
				05C3663A1E2B0BAD00B21C12 /* MainViewModel.swift */,
			);
			name = ViewModels;
			path = UI/ViewModels;
			sourceTree = "<group>";
		};
		05CD97111E340F330033C0A7 /* GeohashKit */ = {
			isa = PBXGroup;
			children = (
				05CD97121E340F480033C0A7 /* Geohash.swift */,
				05CD97131E340F480033C0A7 /* GeohashBox.swift */,
			);
			name = GeohashKit;
			sourceTree = "<group>";
		};
		0ED0938364AFBEF2663F8C1A /* Pods */ = {
			isa = PBXGroup;
			children = (
				A6FC3823F488D4B7C6E6EDC1 /* Pods-Rambl.debug.xcconfig */,
				B427086D3ED99E3DB4A95C9F /* Pods-Rambl.release.xcconfig */,
				E4E5A3A5321F4B33606198CC /* Pods-RamblTests.debug.xcconfig */,
				85FE5938E68E3E2DD7974E80 /* Pods-RamblTests.release.xcconfig */,
			);
			name = Pods;
			sourceTree = "<group>";
		};
/* End PBXGroup section */

/* Begin PBXNativeTarget section */
		05B69ACB1E2AC8D100B52C1C /* Rambl */ = {
			isa = PBXNativeTarget;
			buildConfigurationList = 05B69AF41E2AC8D200B52C1C /* Build configuration list for PBXNativeTarget "Rambl" */;
			buildPhases = (
				E30969A50A00C663280180D7 /* [CP] Check Pods Manifest.lock */,
				05B69AC81E2AC8D100B52C1C /* Sources */,
				05B69AC91E2AC8D100B52C1C /* Frameworks */,
				05B69ACA1E2AC8D100B52C1C /* Resources */,
				ED1042A89AB34DFB8F6F5D2D /* [CP] Embed Pods Frameworks */,
				A760A6DF6771C947B1D364BD /* [CP] Copy Pods Resources */,
			);
			buildRules = (
			);
			dependencies = (
			);
			name = Rambl;
			productName = Rambl;
			productReference = 05B69ACC1E2AC8D100B52C1C /* Rambl.app */;
			productType = "com.apple.product-type.application";
		};
		05B69ADF1E2AC8D200B52C1C /* RamblTests */ = {
			isa = PBXNativeTarget;
			buildConfigurationList = 05B69AF71E2AC8D200B52C1C /* Build configuration list for PBXNativeTarget "RamblTests" */;
			buildPhases = (
				008FEB846378356AE72B9736 /* [CP] Check Pods Manifest.lock */,
				05B69ADC1E2AC8D200B52C1C /* Sources */,
				05B69ADD1E2AC8D200B52C1C /* Frameworks */,
				05B69ADE1E2AC8D200B52C1C /* Resources */,
				137A02DAC72BB6D7D5A74B44 /* [CP] Embed Pods Frameworks */,
				E033732B8147BA3A34FD04A4 /* [CP] Copy Pods Resources */,
			);
			buildRules = (
			);
			dependencies = (
				05B69AE21E2AC8D200B52C1C /* PBXTargetDependency */,
			);
			name = RamblTests;
			productName = RamblTests;
			productReference = 05B69AE01E2AC8D200B52C1C /* RamblTests.xctest */;
			productType = "com.apple.product-type.bundle.unit-test";
		};
		05B69AEA1E2AC8D200B52C1C /* RamblUITests */ = {
			isa = PBXNativeTarget;
			buildConfigurationList = 05B69AFA1E2AC8D200B52C1C /* Build configuration list for PBXNativeTarget "RamblUITests" */;
			buildPhases = (
				05B69AE71E2AC8D200B52C1C /* Sources */,
				05B69AE81E2AC8D200B52C1C /* Frameworks */,
				05B69AE91E2AC8D200B52C1C /* Resources */,
			);
			buildRules = (
			);
			dependencies = (
				05B69AED1E2AC8D200B52C1C /* PBXTargetDependency */,
			);
			name = RamblUITests;
			productName = RamblUITests;
			productReference = 05B69AEB1E2AC8D200B52C1C /* RamblUITests.xctest */;
			productType = "com.apple.product-type.bundle.ui-testing";
		};
/* End PBXNativeTarget section */

/* Begin PBXProject section */
		05B69AC41E2AC8D100B52C1C /* Project object */ = {
			isa = PBXProject;
			attributes = {
				LastSwiftUpdateCheck = 0820;
				LastUpgradeCheck = 0820;
				ORGANIZATIONNAME = rcr;
				TargetAttributes = {
					05B69ACB1E2AC8D100B52C1C = {
						CreatedOnToolsVersion = 8.2.1;
						DevelopmentTeam = BYFTRD4RGW;
						ProvisioningStyle = Automatic;
						SystemCapabilities = {
							com.apple.Maps.iOS = {
								enabled = 1;
							};
						};
					};
					05B69ADF1E2AC8D200B52C1C = {
						CreatedOnToolsVersion = 8.2.1;
						ProvisioningStyle = Automatic;
						TestTargetID = 05B69ACB1E2AC8D100B52C1C;
					};
					05B69AEA1E2AC8D200B52C1C = {
						CreatedOnToolsVersion = 8.2.1;
						ProvisioningStyle = Automatic;
						TestTargetID = 05B69ACB1E2AC8D100B52C1C;
					};
				};
			};
			buildConfigurationList = 05B69AC71E2AC8D100B52C1C /* Build configuration list for PBXProject "Rambl" */;
			compatibilityVersion = "Xcode 3.2";
			developmentRegion = English;
			hasScannedForEncodings = 0;
			knownRegions = (
				en,
				Base,
			);
			mainGroup = 05B69AC31E2AC8D100B52C1C;
			productRefGroup = 05B69ACD1E2AC8D100B52C1C /* Products */;
			projectDirPath = "";
			projectRoot = "";
			targets = (
				05B69ACB1E2AC8D100B52C1C /* Rambl */,
				05B69ADF1E2AC8D200B52C1C /* RamblTests */,
				05B69AEA1E2AC8D200B52C1C /* RamblUITests */,
			);
		};
/* End PBXProject section */

/* Begin PBXResourcesBuildPhase section */
		05B69ACA1E2AC8D100B52C1C /* Resources */ = {
			isa = PBXResourcesBuildPhase;
			buildActionMask = 2147483647;
			files = (
				05C366341E2B0B2400B21C12 /* Main.storyboard in Resources */,
				053BFAEE1E34240100C54B5A /* GoogleService-Info.plist in Resources */,
				05C3663E1E2B0D2F00B21C12 /* Assets.xcassets in Resources */,
				05C366361E2B0B7D00B21C12 /* Splash.storyboard in Resources */,
			);
			runOnlyForDeploymentPostprocessing = 0;
		};
		05B69ADE1E2AC8D200B52C1C /* Resources */ = {
			isa = PBXResourcesBuildPhase;
			buildActionMask = 2147483647;
			files = (
			);
			runOnlyForDeploymentPostprocessing = 0;
		};
		05B69AE91E2AC8D200B52C1C /* Resources */ = {
			isa = PBXResourcesBuildPhase;
			buildActionMask = 2147483647;
			files = (
			);
			runOnlyForDeploymentPostprocessing = 0;
		};
/* End PBXResourcesBuildPhase section */

/* Begin PBXShellScriptBuildPhase section */
		008FEB846378356AE72B9736 /* [CP] Check Pods Manifest.lock */ = {
			isa = PBXShellScriptBuildPhase;
			buildActionMask = 2147483647;
			files = (
			);
			inputPaths = (
			);
			name = "[CP] Check Pods Manifest.lock";
			outputPaths = (
			);
			runOnlyForDeploymentPostprocessing = 0;
			shellPath = /bin/sh;
			shellScript = "diff \"${PODS_ROOT}/../Podfile.lock\" \"${PODS_ROOT}/Manifest.lock\" > /dev/null\nif [ $? != 0 ] ; then\n    # print error to STDERR\n    echo \"error: The sandbox is not in sync with the Podfile.lock. Run 'pod install' or update your CocoaPods installation.\" >&2\n    exit 1\nfi\n";
			showEnvVarsInLog = 0;
		};
		137A02DAC72BB6D7D5A74B44 /* [CP] Embed Pods Frameworks */ = {
			isa = PBXShellScriptBuildPhase;
			buildActionMask = 2147483647;
			files = (
			);
			inputPaths = (
			);
			name = "[CP] Embed Pods Frameworks";
			outputPaths = (
			);
			runOnlyForDeploymentPostprocessing = 0;
			shellPath = /bin/sh;
			shellScript = "\"${SRCROOT}/Pods/Target Support Files/Pods-RamblTests/Pods-RamblTests-frameworks.sh\"\n";
			showEnvVarsInLog = 0;
		};
		A760A6DF6771C947B1D364BD /* [CP] Copy Pods Resources */ = {
			isa = PBXShellScriptBuildPhase;
			buildActionMask = 2147483647;
			files = (
			);
			inputPaths = (
			);
			name = "[CP] Copy Pods Resources";
			outputPaths = (
			);
			runOnlyForDeploymentPostprocessing = 0;
			shellPath = /bin/sh;
			shellScript = "\"${SRCROOT}/Pods/Target Support Files/Pods-Rambl/Pods-Rambl-resources.sh\"\n";
			showEnvVarsInLog = 0;
		};
		E033732B8147BA3A34FD04A4 /* [CP] Copy Pods Resources */ = {
			isa = PBXShellScriptBuildPhase;
			buildActionMask = 2147483647;
			files = (
			);
			inputPaths = (
			);
			name = "[CP] Copy Pods Resources";
			outputPaths = (
			);
			runOnlyForDeploymentPostprocessing = 0;
			shellPath = /bin/sh;
			shellScript = "\"${SRCROOT}/Pods/Target Support Files/Pods-RamblTests/Pods-RamblTests-resources.sh\"\n";
			showEnvVarsInLog = 0;
		};
		E30969A50A00C663280180D7 /* [CP] Check Pods Manifest.lock */ = {
			isa = PBXShellScriptBuildPhase;
			buildActionMask = 2147483647;
			files = (
			);
			inputPaths = (
			);
			name = "[CP] Check Pods Manifest.lock";
			outputPaths = (
			);
			runOnlyForDeploymentPostprocessing = 0;
			shellPath = /bin/sh;
			shellScript = "diff \"${PODS_ROOT}/../Podfile.lock\" \"${PODS_ROOT}/Manifest.lock\" > /dev/null\nif [ $? != 0 ] ; then\n    # print error to STDERR\n    echo \"error: The sandbox is not in sync with the Podfile.lock. Run 'pod install' or update your CocoaPods installation.\" >&2\n    exit 1\nfi\n";
			showEnvVarsInLog = 0;
		};
		ED1042A89AB34DFB8F6F5D2D /* [CP] Embed Pods Frameworks */ = {
			isa = PBXShellScriptBuildPhase;
			buildActionMask = 2147483647;
			files = (
			);
			inputPaths = (
			);
			name = "[CP] Embed Pods Frameworks";
			outputPaths = (
			);
			runOnlyForDeploymentPostprocessing = 0;
			shellPath = /bin/sh;
			shellScript = "\"${SRCROOT}/Pods/Target Support Files/Pods-Rambl/Pods-Rambl-frameworks.sh\"\n";
			showEnvVarsInLog = 0;
		};
/* End PBXShellScriptBuildPhase section */

/* Begin PBXSourcesBuildPhase section */
		05B69AC81E2AC8D100B52C1C /* Sources */ = {
			isa = PBXSourcesBuildPhase;
			buildActionMask = 2147483647;
			files = (
				05B69B2E1E2B089500B52C1C /* Rambl.swift in Sources */,
				05C3663B1E2B0BAD00B21C12 /* MainViewController.swift in Sources */,
				05B69B241E2B089500B52C1C /* FireBasePersistor.swift in Sources */,
				05D532351E347F7F0044B61F /* RamblLogicBridge.swift in Sources */,
				05B69B2C1E2B089500B52C1C /* Chat.swift in Sources */,
				05B69B2B1E2B089500B52C1C /* Uploader.swift in Sources */,
				05B69B231E2B089500B52C1C /* CoreLocationLocator.swift in Sources */,
				05169F921E3074A2001C8835 /* ModelsConstants.swift in Sources */,
				057E2B201E33D27100BC518F /* Date+Rambl.swift in Sources */,
				05B69AD01E2AC8D100B52C1C /* AppDelegate.swift in Sources */,
				05CD97141E340F480033C0A7 /* Geohash.swift in Sources */,
				05169F8B1E306F46001C8835 /* RamblImplementor.swift in Sources */,
				05B69B2D1E2B089500B52C1C /* Contribution.swift in Sources */,
				05B69B211E2B089500B52C1C /* AVFoundationAudioPlayer.swift in Sources */,
				05B69B221E2B089500B52C1C /* AVFoundationAudioRecorder.swift in Sources */,
				05CD97151E340F480033C0A7 /* GeohashBox.swift in Sources */,
				05B69B281E2B089500B52C1C /* AudioRecorder.swift in Sources */,
				05B69B261E2B089500B52C1C /* AWSS3Uploader.swift in Sources */,
				05B69B2A1E2B089500B52C1C /* Persistor.swift in Sources */,
				05B69B291E2B089500B52C1C /* Locator.swift in Sources */,
				053BFAF51E343FF500C54B5A /* RamblMKPinAnnotationView.swift in Sources */,
				05C3663C1E2B0BAD00B21C12 /* MainViewModel.swift in Sources */,
				05B69B271E2B089500B52C1C /* AudioPlayer.swift in Sources */,
				053BFAF11E343EE000C54B5A /* RamblMKPointAnnotation.swift in Sources */,
			);
			runOnlyForDeploymentPostprocessing = 0;
		};
		05B69ADC1E2AC8D200B52C1C /* Sources */ = {
			isa = PBXSourcesBuildPhase;
			buildActionMask = 2147483647;
			files = (
				05B69AE51E2AC8D200B52C1C /* RamblTests.swift in Sources */,
			);
			runOnlyForDeploymentPostprocessing = 0;
		};
		05B69AE71E2AC8D200B52C1C /* Sources */ = {
			isa = PBXSourcesBuildPhase;
			buildActionMask = 2147483647;
			files = (
				05B69AF01E2AC8D200B52C1C /* RamblUITests.swift in Sources */,
			);
			runOnlyForDeploymentPostprocessing = 0;
		};
/* End PBXSourcesBuildPhase section */

/* Begin PBXTargetDependency section */
		05B69AE21E2AC8D200B52C1C /* PBXTargetDependency */ = {
			isa = PBXTargetDependency;
			target = 05B69ACB1E2AC8D100B52C1C /* Rambl */;
			targetProxy = 05B69AE11E2AC8D200B52C1C /* PBXContainerItemProxy */;
		};
		05B69AED1E2AC8D200B52C1C /* PBXTargetDependency */ = {
			isa = PBXTargetDependency;
			target = 05B69ACB1E2AC8D100B52C1C /* Rambl */;
			targetProxy = 05B69AEC1E2AC8D200B52C1C /* PBXContainerItemProxy */;
		};
/* End PBXTargetDependency section */

/* Begin XCBuildConfiguration section */
		05B69AF21E2AC8D200B52C1C /* Debug */ = {
			isa = XCBuildConfiguration;
			buildSettings = {
				ALWAYS_SEARCH_USER_PATHS = NO;
				CLANG_ANALYZER_NONNULL = YES;
				CLANG_CXX_LANGUAGE_STANDARD = "gnu++0x";
				CLANG_CXX_LIBRARY = "libc++";
				CLANG_ENABLE_MODULES = YES;
				CLANG_ENABLE_OBJC_ARC = YES;
				CLANG_WARN_BOOL_CONVERSION = YES;
				CLANG_WARN_CONSTANT_CONVERSION = YES;
				CLANG_WARN_DIRECT_OBJC_ISA_USAGE = YES_ERROR;
				CLANG_WARN_DOCUMENTATION_COMMENTS = YES;
				CLANG_WARN_EMPTY_BODY = YES;
				CLANG_WARN_ENUM_CONVERSION = YES;
				CLANG_WARN_INFINITE_RECURSION = YES;
				CLANG_WARN_INT_CONVERSION = YES;
				CLANG_WARN_OBJC_ROOT_CLASS = YES_ERROR;
				CLANG_WARN_SUSPICIOUS_MOVE = YES;
				CLANG_WARN_UNREACHABLE_CODE = YES;
				CLANG_WARN__DUPLICATE_METHOD_MATCH = YES;
				"CODE_SIGN_IDENTITY[sdk=iphoneos*]" = "iPhone Developer";
				COPY_PHASE_STRIP = NO;
				DEBUG_INFORMATION_FORMAT = dwarf;
				ENABLE_STRICT_OBJC_MSGSEND = YES;
				ENABLE_TESTABILITY = YES;
				GCC_C_LANGUAGE_STANDARD = gnu99;
				GCC_DYNAMIC_NO_PIC = NO;
				GCC_NO_COMMON_BLOCKS = YES;
				GCC_OPTIMIZATION_LEVEL = 0;
				GCC_PREPROCESSOR_DEFINITIONS = (
					"DEBUG=1",
					"$(inherited)",
				);
				GCC_WARN_64_TO_32_BIT_CONVERSION = YES;
				GCC_WARN_ABOUT_RETURN_TYPE = YES_ERROR;
				GCC_WARN_UNDECLARED_SELECTOR = YES;
				GCC_WARN_UNINITIALIZED_AUTOS = YES_AGGRESSIVE;
				GCC_WARN_UNUSED_FUNCTION = YES;
				GCC_WARN_UNUSED_VARIABLE = YES;
				IPHONEOS_DEPLOYMENT_TARGET = 10.2;
				MTL_ENABLE_DEBUG_INFO = YES;
				ONLY_ACTIVE_ARCH = YES;
				SDKROOT = iphoneos;
				SWIFT_ACTIVE_COMPILATION_CONDITIONS = DEBUG;
				SWIFT_OPTIMIZATION_LEVEL = "-Onone";
				TARGETED_DEVICE_FAMILY = "1,2";
			};
			name = Debug;
		};
		05B69AF31E2AC8D200B52C1C /* Release */ = {
			isa = XCBuildConfiguration;
			buildSettings = {
				ALWAYS_SEARCH_USER_PATHS = NO;
				CLANG_ANALYZER_NONNULL = YES;
				CLANG_CXX_LANGUAGE_STANDARD = "gnu++0x";
				CLANG_CXX_LIBRARY = "libc++";
				CLANG_ENABLE_MODULES = YES;
				CLANG_ENABLE_OBJC_ARC = YES;
				CLANG_WARN_BOOL_CONVERSION = YES;
				CLANG_WARN_CONSTANT_CONVERSION = YES;
				CLANG_WARN_DIRECT_OBJC_ISA_USAGE = YES_ERROR;
				CLANG_WARN_DOCUMENTATION_COMMENTS = YES;
				CLANG_WARN_EMPTY_BODY = YES;
				CLANG_WARN_ENUM_CONVERSION = YES;
				CLANG_WARN_INFINITE_RECURSION = YES;
				CLANG_WARN_INT_CONVERSION = YES;
				CLANG_WARN_OBJC_ROOT_CLASS = YES_ERROR;
				CLANG_WARN_SUSPICIOUS_MOVE = YES;
				CLANG_WARN_UNREACHABLE_CODE = YES;
				CLANG_WARN__DUPLICATE_METHOD_MATCH = YES;
				"CODE_SIGN_IDENTITY[sdk=iphoneos*]" = "iPhone Developer";
				COPY_PHASE_STRIP = NO;
				DEBUG_INFORMATION_FORMAT = "dwarf-with-dsym";
				ENABLE_NS_ASSERTIONS = NO;
				ENABLE_STRICT_OBJC_MSGSEND = YES;
				GCC_C_LANGUAGE_STANDARD = gnu99;
				GCC_NO_COMMON_BLOCKS = YES;
				GCC_WARN_64_TO_32_BIT_CONVERSION = YES;
				GCC_WARN_ABOUT_RETURN_TYPE = YES_ERROR;
				GCC_WARN_UNDECLARED_SELECTOR = YES;
				GCC_WARN_UNINITIALIZED_AUTOS = YES_AGGRESSIVE;
				GCC_WARN_UNUSED_FUNCTION = YES;
				GCC_WARN_UNUSED_VARIABLE = YES;
				IPHONEOS_DEPLOYMENT_TARGET = 10.2;
				MTL_ENABLE_DEBUG_INFO = NO;
				SDKROOT = iphoneos;
				SWIFT_OPTIMIZATION_LEVEL = "-Owholemodule";
				TARGETED_DEVICE_FAMILY = "1,2";
				VALIDATE_PRODUCT = YES;
			};
			name = Release;
		};
		05B69AF51E2AC8D200B52C1C /* Debug */ = {
			isa = XCBuildConfiguration;
			baseConfigurationReference = A6FC3823F488D4B7C6E6EDC1 /* Pods-Rambl.debug.xcconfig */;
			buildSettings = {
				ASSETCATALOG_COMPILER_APPICON_NAME = AppIcon;
				ASSETCATALOG_COMPILER_LAUNCHIMAGE_NAME = LaunchImage;
				"CODE_SIGN_IDENTITY[sdk=iphoneos*]" = "iPhone Developer";
				DEVELOPMENT_TEAM = BYFTRD4RGW;
				INFOPLIST_FILE = Rambl/Info.plist;
				LD_RUNPATH_SEARCH_PATHS = "$(inherited) @executable_path/Frameworks";
				PRODUCT_BUNDLE_IDENTIFIER = com.rcrmobileprojects.Rambl;
				PRODUCT_NAME = "$(TARGET_NAME)";
				PROVISIONING_PROFILE = "";
				PROVISIONING_PROFILE_SPECIFIER = "";
				SWIFT_VERSION = 3.0;
			};
			name = Debug;
		};
		05B69AF61E2AC8D200B52C1C /* Release */ = {
			isa = XCBuildConfiguration;
			baseConfigurationReference = B427086D3ED99E3DB4A95C9F /* Pods-Rambl.release.xcconfig */;
			buildSettings = {
				ASSETCATALOG_COMPILER_APPICON_NAME = AppIcon;
				ASSETCATALOG_COMPILER_LAUNCHIMAGE_NAME = LaunchImage;
				"CODE_SIGN_IDENTITY[sdk=iphoneos*]" = "iPhone Developer";
				DEVELOPMENT_TEAM = BYFTRD4RGW;
				INFOPLIST_FILE = Rambl/Info.plist;
				LD_RUNPATH_SEARCH_PATHS = "$(inherited) @executable_path/Frameworks";
				PRODUCT_BUNDLE_IDENTIFIER = com.rcrmobileprojects.Rambl;
				PRODUCT_NAME = "$(TARGET_NAME)";
				SWIFT_VERSION = 3.0;
			};
			name = Release;
		};
		05B69AF81E2AC8D200B52C1C /* Debug */ = {
			isa = XCBuildConfiguration;
			baseConfigurationReference = E4E5A3A5321F4B33606198CC /* Pods-RamblTests.debug.xcconfig */;
			buildSettings = {
				ALWAYS_EMBED_SWIFT_STANDARD_LIBRARIES = YES;
				BUNDLE_LOADER = "$(TEST_HOST)";
				INFOPLIST_FILE = RamblTests/Info.plist;
				LD_RUNPATH_SEARCH_PATHS = "$(inherited) @executable_path/Frameworks @loader_path/Frameworks";
				PRODUCT_BUNDLE_IDENTIFIER = com.rcr.RamblTests;
				PRODUCT_NAME = "$(TARGET_NAME)";
				SWIFT_VERSION = 3.0;
				TEST_HOST = "$(BUILT_PRODUCTS_DIR)/Rambl.app/Rambl";
			};
			name = Debug;
		};
		05B69AF91E2AC8D200B52C1C /* Release */ = {
			isa = XCBuildConfiguration;
			baseConfigurationReference = 85FE5938E68E3E2DD7974E80 /* Pods-RamblTests.release.xcconfig */;
			buildSettings = {
				ALWAYS_EMBED_SWIFT_STANDARD_LIBRARIES = YES;
				BUNDLE_LOADER = "$(TEST_HOST)";
				INFOPLIST_FILE = RamblTests/Info.plist;
				LD_RUNPATH_SEARCH_PATHS = "$(inherited) @executable_path/Frameworks @loader_path/Frameworks";
				PRODUCT_BUNDLE_IDENTIFIER = com.rcr.RamblTests;
				PRODUCT_NAME = "$(TARGET_NAME)";
				SWIFT_VERSION = 3.0;
				TEST_HOST = "$(BUILT_PRODUCTS_DIR)/Rambl.app/Rambl";
			};
			name = Release;
		};
		05B69AFB1E2AC8D200B52C1C /* Debug */ = {
			isa = XCBuildConfiguration;
			buildSettings = {
				ALWAYS_EMBED_SWIFT_STANDARD_LIBRARIES = YES;
				INFOPLIST_FILE = RamblUITests/Info.plist;
				LD_RUNPATH_SEARCH_PATHS = "$(inherited) @executable_path/Frameworks @loader_path/Frameworks";
				PRODUCT_BUNDLE_IDENTIFIER = com.rcr.RamblUITests;
				PRODUCT_NAME = "$(TARGET_NAME)";
				SWIFT_VERSION = 3.0;
				TEST_TARGET_NAME = Rambl;
			};
			name = Debug;
		};
		05B69AFC1E2AC8D200B52C1C /* Release */ = {
			isa = XCBuildConfiguration;
			buildSettings = {
				ALWAYS_EMBED_SWIFT_STANDARD_LIBRARIES = YES;
				INFOPLIST_FILE = RamblUITests/Info.plist;
				LD_RUNPATH_SEARCH_PATHS = "$(inherited) @executable_path/Frameworks @loader_path/Frameworks";
				PRODUCT_BUNDLE_IDENTIFIER = com.rcr.RamblUITests;
				PRODUCT_NAME = "$(TARGET_NAME)";
				SWIFT_VERSION = 3.0;
				TEST_TARGET_NAME = Rambl;
			};
			name = Release;
		};
/* End XCBuildConfiguration section */

/* Begin XCConfigurationList section */
		05B69AC71E2AC8D100B52C1C /* Build configuration list for PBXProject "Rambl" */ = {
			isa = XCConfigurationList;
			buildConfigurations = (
				05B69AF21E2AC8D200B52C1C /* Debug */,
				05B69AF31E2AC8D200B52C1C /* Release */,
			);
			defaultConfigurationIsVisible = 0;
			defaultConfigurationName = Release;
		};
		05B69AF41E2AC8D200B52C1C /* Build configuration list for PBXNativeTarget "Rambl" */ = {
			isa = XCConfigurationList;
			buildConfigurations = (
				05B69AF51E2AC8D200B52C1C /* Debug */,
				05B69AF61E2AC8D200B52C1C /* Release */,
			);
			defaultConfigurationIsVisible = 0;
			defaultConfigurationName = Release;
		};
		05B69AF71E2AC8D200B52C1C /* Build configuration list for PBXNativeTarget "RamblTests" */ = {
			isa = XCConfigurationList;
			buildConfigurations = (
				05B69AF81E2AC8D200B52C1C /* Debug */,
				05B69AF91E2AC8D200B52C1C /* Release */,
			);
			defaultConfigurationIsVisible = 0;
			defaultConfigurationName = Release;
		};
		05B69AFA1E2AC8D200B52C1C /* Build configuration list for PBXNativeTarget "RamblUITests" */ = {
			isa = XCConfigurationList;
			buildConfigurations = (
				05B69AFB1E2AC8D200B52C1C /* Debug */,
				05B69AFC1E2AC8D200B52C1C /* Release */,
			);
			defaultConfigurationIsVisible = 0;
			defaultConfigurationName = Release;
		};
/* End XCConfigurationList section */
	};
	rootObject = 05B69AC41E2AC8D100B52C1C /* Project object */;
}
